
Microsoft Visual Studio Solution File, Format Version 12.00
# Visual Studio Version 17
VisualStudioVersion = 17.5.002.0
MinimumVisualStudioVersion = 10.0.40219.1
Project("{9A19103F-16F7-4668-BE54-9A1E7A4F7556}") = "appcuentas", "appcuentas.csproj", "{731E6D49-D03F-42F9-8849-A72299F56DD3}"
EndProject
Global
	GlobalSection(SolutionConfigurationPlatforms) = preSolution
		Debug|Any CPU = Debug|Any CPU
		Release|Any CPU = Release|Any CPU
	EndGlobalSection
	GlobalSection(ProjectConfigurationPlatforms) = postSolution
		{731E6D49-D03F-42F9-8849-A72299F56DD3}.Debug|Any CPU.ActiveCfg = Debug|Any CPU
		{731E6D49-D03F-42F9-8849-A72299F56DD3}.Debug|Any CPU.Build.0 = Debug|Any CPU
		{731E6D49-D03F-42F9-8849-A72299F56DD3}.Release|Any CPU.ActiveCfg = Release|Any CPU
		{731E6D49-D03F-42F9-8849-A72299F56DD3}.Release|Any CPU.Build.0 = Release|Any CPU
	EndGlobalSection
	GlobalSection(SolutionProperties) = preSolution
		HideSolutionNode = FALSE
	EndGlobalSection
	GlobalSection(ExtensibilityGlobals) = postSolution
		SolutionGuid = {AE18F6BA-AECC-4659-AFE6-A46AA26C057C}
	EndGlobalSection
EndGlobal
